
Microsoft Visual Studio Solution File, Format Version 12.00
# Visual Studio Version 17
VisualStudioVersion = 17.3.32825.248
MinimumVisualStudioVersion = 10.0.40219.1
Project("{FAE04EC0-301F-11D3-BF4B-00C04F79EFBC}") = "Currency", "Currency.csproj", "{5BA0683B-9199-4806-B2F4-8C8B4A2630AB}"
EndProject
Global
	GlobalSection(SolutionConfigurationPlatforms) = preSolution
		Debug|Any CPU = Debug|Any CPU
		Release|Any CPU = Release|Any CPU
	EndGlobalSection
	GlobalSection(ProjectConfigurationPlatforms) = postSolution
		{5BA0683B-9199-4806-B2F4-8C8B4A2630AB}.Debug|Any CPU.ActiveCfg = Debug|Any CPU
		{5BA0683B-9199-4806-B2F4-8C8B4A2630AB}.Debug|Any CPU.Build.0 = Debug|Any CPU
		{5BA0683B-9199-4806-B2F4-8C8B4A2630AB}.Release|Any CPU.ActiveCfg = Release|Any CPU
		{5BA0683B-9199-4806-B2F4-8C8B4A2630AB}.Release|Any CPU.Build.0 = Release|Any CPU
	EndGlobalSection
	GlobalSection(SolutionProperties) = preSolution
		HideSolutionNode = FALSE
	EndGlobalSection
	GlobalSection(ExtensibilityGlobals) = postSolution
		SolutionGuid = {DF3DEB09-C751-4A5B-9A16-13625CE98949}
	EndGlobalSection
EndGlobal
