{
  "name": "lib",
  "lockfileVersion": 3,
  "requires": true,
  "packages": {
    "": {
      "dependencies": {
        "@abp/jquery-validation-unobtrusive": "^7.3.0",
        "bootstrap": "^5.3.1",
        "bootstrap-icons": "^1.10.5",
        "jquery": "^3.7.0"
      }
    },
    "node_modules/@abp/core": {
      "version": "7.3.0",
      "resolved": "https://registry.npmjs.org/@abp/core/-/core-7.3.0.tgz",
      "integrity": "sha512-3kKkU5YCXXcUOKMagdWoYW5FTZuVLRYTlL7W6XZ0s+uLABTiNozZjwInoZl1du1aH5yeVh0+6gUvtZ/iIkgZ4g==",
      "dependencies": {
        "@abp/utils": "~7.3.0"
      }
    },
    "node_modules/@abp/jquery": {
      "version": "7.3.0",
      "resolved": "https://registry.npmjs.org/@abp/jquery/-/jquery-7.3.0.tgz",
      "integrity": "sha512-sy8NU9XlSrq0cxb3K3beEQvyj9++HXVCXOKD+dp/Apkyc2YwMoTOvL1YpRtypgI0xQ+0y49MUENgb6puHWHocQ==",
      "dependencies": {
        "@abp/core": "~7.3.0",
        "jquery": "~3.6.0"
      }
    },
    "node_modules/@abp/jquery-validation": {
      "version": "7.3.0",
      "resolved": "https://registry.npmjs.org/@abp/jquery-validation/-/jquery-validation-7.3.0.tgz",
      "integrity": "sha512-wvHhALJsD/rxuJuBFlJLgSYWfNU2a9jz+Gu9jwqe3VRuWT8/xTfucpyFkwBx7WMKds02KT9/1g/jGf4aGCIBhw==",
      "dependencies": {
        "@abp/jquery": "~7.3.0",
        "jquery-validation": "^1.19.3"
      }
    },
    "node_modules/@abp/jquery-validation-unobtrusive": {
      "version": "7.3.0",
      "resolved": "https://registry.npmjs.org/@abp/jquery-validation-unobtrusive/-/jquery-validation-unobtrusive-7.3.0.tgz",
      "integrity": "sha512-xsnBCDS+NYrRfxO3xTZu3qJIbf4ALDFH06CqPc+/zALgOIhbKgueRyclIuAglZvwXIvjxpGgBIFc/Xj8OAufFg==",
      "dependencies": {
        "@abp/jquery-validation": "~7.3.0",
        "jquery-validation-unobtrusive": "^3.2.12"
      }
    },
    "node_modules/@abp/jquery/node_modules/jquery": {
      "version": "3.6.4",
      "resolved": "https://registry.npmjs.org/jquery/-/jquery-3.6.4.tgz",
      "integrity": "sha512-v28EW9DWDFpzcD9O5iyJXg3R3+q+mET5JhnjJzQUZMHOv67bpSIHq81GEYpPNZHG+XXHsfSme3nxp/hndKEcsQ=="
    },
    "node_modules/@abp/utils": {
      "version": "7.3.0",
      "resolved": "https://registry.npmjs.org/@abp/utils/-/utils-7.3.0.tgz",
      "integrity": "sha512-+fMUDZ/gcry9wkA/c16tEhfDEue/b9IspiRDceTjUu0Frvy6DOSMDSs3wpTvhDGLSsHZYL3x64DMx/sQgN4G/g==",
      "dependencies": {
        "just-compare": "^2.3.0"
      }
    },
    "node_modules/@popperjs/core": {
      "version": "2.11.8",
      "resolved": "https://registry.npmjs.org/@popperjs/core/-/core-2.11.8.tgz",
      "integrity": "sha512-P1st0aksCrn9sGZhp8GMYwBnQsbvAWsZAX44oXNNvLHGqAOcoVxmjZiohstwQ7SqKnbR47akdNi+uleWD8+g6A==",
      "peer": true,
      "funding": {
        "type": "opencollective",
        "url": "https://opencollective.com/popperjs"
      }
    },
    "node_modules/bootstrap": {
      "version": "5.3.1",
      "resolved": "https://registry.npmjs.org/bootstrap/-/bootstrap-5.3.1.tgz",
      "integrity": "sha512-jzwza3Yagduci2x0rr9MeFSORjcHpt0lRZukZPZQJT1Dth5qzV7XcgGqYzi39KGAVYR8QEDVoO0ubFKOxzMG+g==",
      "funding": [
        {
          "type": "github",
          "url": "https://github.com/sponsors/twbs"
        },
        {
          "type": "opencollective",
          "url": "https://opencollective.com/bootstrap"
        }
      ],
      "peerDependencies": {
        "@popperjs/core": "^2.11.8"
      }
    },
    "node_modules/bootstrap-icons": {
      "version": "1.10.5",
      "resolved": "https://registry.npmjs.org/bootstrap-icons/-/bootstrap-icons-1.10.5.tgz",
      "integrity": "sha512-oSX26F37V7QV7NCE53PPEL45d7EGXmBgHG3pDpZvcRaKVzWMqIRL9wcqJUyEha1esFtM3NJzvmxFXDxjJYD0jQ==",
      "funding": [
        {
          "type": "github",
          "url": "https://github.com/sponsors/twbs"
        },
        {
          "type": "opencollective",
          "url": "https://opencollective.com/bootstrap"
        }
      ]
    },
    "node_modules/jquery": {
      "version": "3.7.0",
      "resolved": "https://registry.npmjs.org/jquery/-/jquery-3.7.0.tgz",
      "integrity": "sha512-umpJ0/k8X0MvD1ds0P9SfowREz2LenHsQaxSohMZ5OMNEU2r0tf8pdeEFTHMFxWVxKNyU9rTtK3CWzUCTKJUeQ=="
    },
    "node_modules/jquery-validation": {
      "version": "1.19.5",
      "resolved": "https://registry.npmjs.org/jquery-validation/-/jquery-validation-1.19.5.tgz",
      "integrity": "sha512-X2SmnPq1mRiDecVYL8edWx+yTBZDyC8ohWXFhXdtqFHgU9Wd4KHkvcbCoIZ0JaSaumzS8s2gXSkP8F7ivg/8ZQ==",
      "peerDependencies": {
        "jquery": "^1.7 || ^2.0 || ^3.1"
      }
    },
    "node_modules/jquery-validation-unobtrusive": {
      "version": "3.2.12",
      "resolved": "https://registry.npmjs.org/jquery-validation-unobtrusive/-/jquery-validation-unobtrusive-3.2.12.tgz",
      "integrity": "sha512-kPixGhVcuat7vZXngGFfSIksy4VlzZcHyRgnBIZdsfVneCU+D5sITC8T8dD/9c9K/Q+qkMlgp7ufJHz93nKSuQ==",
      "dependencies": {
        "jquery": "^3.5.1",
        "jquery-validation": ">=1.16"
      }
    },
    "node_modules/just-compare": {
      "version": "2.3.0",
      "resolved": "https://registry.npmjs.org/just-compare/-/just-compare-2.3.0.tgz",
      "integrity": "sha512-6shoR7HDT+fzfL3gBahx1jZG3hWLrhPAf+l7nCwahDdT9XDtosB9kIF0ZrzUp5QY8dJWfQVr5rnsPqsbvflDzg=="
    }
  }
}
